
Microsoft Visual Studio Solution File, Format Version 12.00
# Visual Studio Version 17
VisualStudioVersion = 17.1.32228.430
MinimumVisualStudioVersion = 10.0.40219.1
Project("{8BC9CEB8-8B4A-11D0-8D11-00A0C91BC942}") = "github", "github\github.vcxproj", "{2E1BA435-E808-4A66-B888-425CA7F43A45}"
EndProject
Global
	GlobalSection(SolutionConfigurationPlatforms) = preSolution
		Debug|x64 = Debug|x64
		Debug|x86 = Debug|x86
		Release|x64 = Release|x64
		Release|x86 = Release|x86
	EndGlobalSection
	GlobalSection(ProjectConfigurationPlatforms) = postSolution
		{2E1BA435-E808-4A66-B888-425CA7F43A45}.Debug|x64.ActiveCfg = Debug|x64
		{2E1BA435-E808-4A66-B888-425CA7F43A45}.Debug|x64.Build.0 = Debug|x64
		{2E1BA435-E808-4A66-B888-425CA7F43A45}.Debug|x86.ActiveCfg = Debug|Win32
		{2E1BA435-E808-4A66-B888-425CA7F43A45}.Debug|x86.Build.0 = Debug|Win32
		{2E1BA435-E808-4A66-B888-425CA7F43A45}.Release|x64.ActiveCfg = Release|x64
		{2E1BA435-E808-4A66-B888-425CA7F43A45}.Release|x64.Build.0 = Release|x64
		{2E1BA435-E808-4A66-B888-425CA7F43A45}.Release|x86.ActiveCfg = Release|Win32
		{2E1BA435-E808-4A66-B888-425CA7F43A45}.Release|x86.Build.0 = Release|Win32
	EndGlobalSection
	GlobalSection(SolutionProperties) = preSolution
		HideSolutionNode = FALSE
	EndGlobalSection
	GlobalSection(ExtensibilityGlobals) = postSolution
		SolutionGuid = {49D9B63E-8A06-4015-8734-80F62616BA3D}
	EndGlobalSection
EndGlobal
